// !$*UTF8*$!
{
	archiveVersion = 1;
	classes = {
	};
	objectVersion = 55;
	objects = {

/* Begin PBXBuildFile section */
		0D7558ADFE9E6B98EAAECD17 /* Pods_TestUnit.framework in Frameworks */ = {isa = PBXBuildFile; fileRef = 0927C9A66064114F1A925EA9 /* Pods_TestUnit.framework */; };
		1ABD1614103872DC6163C709 /* Pods_TestUnitTests.framework in Frameworks */ = {isa = PBXBuildFile; fileRef = 95EE9A0FD1CB32E30C4F06AE /* Pods_TestUnitTests.framework */; };
		BA639B5528B141C800189F14 /* AppDelegate.swift in Sources */ = {isa = PBXBuildFile; fileRef = BA639B5428B141C800189F14 /* AppDelegate.swift */; };
		BA639B5728B141C800189F14 /* SceneDelegate.swift in Sources */ = {isa = PBXBuildFile; fileRef = BA639B5628B141C800189F14 /* SceneDelegate.swift */; };
		BA639B5928B141C800189F14 /* ViewController.swift in Sources */ = {isa = PBXBuildFile; fileRef = BA639B5828B141C800189F14 /* ViewController.swift */; };
		BA639B5C28B141C800189F14 /* Main.storyboard in Resources */ = {isa = PBXBuildFile; fileRef = BA639B5A28B141C800189F14 /* Main.storyboard */; };
		BA639B5E28B141CE00189F14 /* Assets.xcassets in Resources */ = {isa = PBXBuildFile; fileRef = BA639B5D28B141CE00189F14 /* Assets.xcassets */; };
		BA639B6128B141CE00189F14 /* LaunchScreen.storyboard in Resources */ = {isa = PBXBuildFile; fileRef = BA639B5F28B141CE00189F14 /* LaunchScreen.storyboard */; };
		BA639B6C28B141CE00189F14 /* TestUnitTests.swift in Sources */ = {isa = PBXBuildFile; fileRef = BA639B6B28B141CE00189F14 /* TestUnitTests.swift */; };
		BA639B7628B141CE00189F14 /* TestUnitUITests.swift in Sources */ = {isa = PBXBuildFile; fileRef = BA639B7528B141CE00189F14 /* TestUnitUITests.swift */; };
		BA639B7828B141CE00189F14 /* TestUnitUITestsLaunchTests.swift in Sources */ = {isa = PBXBuildFile; fileRef = BA639B7728B141CE00189F14 /* TestUnitUITestsLaunchTests.swift */; };
		BA639B8528B1466D00189F14 /* StringUtils.swift in Sources */ = {isa = PBXBuildFile; fileRef = BA639B8428B1466D00189F14 /* StringUtils.swift */; };
		BA639B8728B1491F00189F14 /* StringUtilsSpec.swift in Sources */ = {isa = PBXBuildFile; fileRef = BA639B8628B1491F00189F14 /* StringUtilsSpec.swift */; };
		BA639B8928B160FE00189F14 /* AccountBalance.swift in Sources */ = {isa = PBXBuildFile; fileRef = BA639B8828B160FE00189F14 /* AccountBalance.swift */; };
		BA639B8B28B161FC00189F14 /* AccountBalanceSpec.swift in Sources */ = {isa = PBXBuildFile; fileRef = BA639B8A28B161FC00189F14 /* AccountBalanceSpec.swift */; };
		BA639B8D28B3D0B800189F14 /* StringUtilsTests.swift in Sources */ = {isa = PBXBuildFile; fileRef = BA639B8C28B3D0B800189F14 /* StringUtilsTests.swift */; };
		BA639B9A28B3E49100189F14 /* AccountViewModel.swift in Sources */ = {isa = PBXBuildFile; fileRef = BA639B9928B3E49100189F14 /* AccountViewModel.swift */; };
		BA639B9D28B3E7D100189F14 /* AccountViewController.swift in Sources */ = {isa = PBXBuildFile; fileRef = BA639B9B28B3E7D100189F14 /* AccountViewController.swift */; };
		BA639B9E28B3E7D100189F14 /* AccountViewController.xib in Resources */ = {isa = PBXBuildFile; fileRef = BA639B9C28B3E7D100189F14 /* AccountViewController.xib */; };
		BA639BA128B3EACA00189F14 /* AccountViewModelSpecs.swift in Sources */ = {isa = PBXBuildFile; fileRef = BA639BA028B3EACA00189F14 /* AccountViewModelSpecs.swift */; };
		BA7E3E583A10435A9370F5A6 /* Pods_TestUnit_TestUnitUITests.framework in Frameworks */ = {isa = PBXBuildFile; fileRef = 118173D021C8AC205789B997 /* Pods_TestUnit_TestUnitUITests.framework */; };
/* End PBXBuildFile section */

/* Begin PBXContainerItemProxy section */
		BA639B6828B141CE00189F14 /* PBXContainerItemProxy */ = {
			isa = PBXContainerItemProxy;
			containerPortal = BA639B4928B141C800189F14 /* Project object */;
			proxyType = 1;
			remoteGlobalIDString = BA639B5028B141C800189F14;
			remoteInfo = TestUnit;
		};
		BA639B7228B141CE00189F14 /* PBXContainerItemProxy */ = {
			isa = PBXContainerItemProxy;
			containerPortal = BA639B4928B141C800189F14 /* Project object */;
			proxyType = 1;
			remoteGlobalIDString = BA639B5028B141C800189F14;
			remoteInfo = TestUnit;
		};
/* End PBXContainerItemProxy section */

/* Begin PBXFileReference section */
		0927C9A66064114F1A925EA9 /* Pods_TestUnit.framework */ = {isa = PBXFileReference; explicitFileType = wrapper.framework; includeInIndex = 0; path = Pods_TestUnit.framework; sourceTree = BUILT_PRODUCTS_DIR; };
		1120F82A3EF35A36F666D757 /* Pods-TestUnit.release.xcconfig */ = {isa = PBXFileReference; includeInIndex = 1; lastKnownFileType = text.xcconfig; name = "Pods-TestUnit.release.xcconfig"; path = "Target Support Files/Pods-TestUnit/Pods-TestUnit.release.xcconfig"; sourceTree = "<group>"; };
		118173D021C8AC205789B997 /* Pods_TestUnit_TestUnitUITests.framework */ = {isa = PBXFileReference; explicitFileType = wrapper.framework; includeInIndex = 0; path = Pods_TestUnit_TestUnitUITests.framework; sourceTree = BUILT_PRODUCTS_DIR; };
		1255608D4E18924D66CCD339 /* Pods-TestUnitTests.release.xcconfig */ = {isa = PBXFileReference; includeInIndex = 1; lastKnownFileType = text.xcconfig; name = "Pods-TestUnitTests.release.xcconfig"; path = "Target Support Files/Pods-TestUnitTests/Pods-TestUnitTests.release.xcconfig"; sourceTree = "<group>"; };
		377802C2125E358D33B937F6 /* Pods-TestUnit.debug.xcconfig */ = {isa = PBXFileReference; includeInIndex = 1; lastKnownFileType = text.xcconfig; name = "Pods-TestUnit.debug.xcconfig"; path = "Target Support Files/Pods-TestUnit/Pods-TestUnit.debug.xcconfig"; sourceTree = "<group>"; };
		61F4C8769F1E248C1B4676AE /* Pods-TestUnit-TestUnitUITests.release.xcconfig */ = {isa = PBXFileReference; includeInIndex = 1; lastKnownFileType = text.xcconfig; name = "Pods-TestUnit-TestUnitUITests.release.xcconfig"; path = "Target Support Files/Pods-TestUnit-TestUnitUITests/Pods-TestUnit-TestUnitUITests.release.xcconfig"; sourceTree = "<group>"; };
		95EE9A0FD1CB32E30C4F06AE /* Pods_TestUnitTests.framework */ = {isa = PBXFileReference; explicitFileType = wrapper.framework; includeInIndex = 0; path = Pods_TestUnitTests.framework; sourceTree = BUILT_PRODUCTS_DIR; };
		AE10FBFF3864CF494FC94F4C /* Pods-TestUnitTests.debug.xcconfig */ = {isa = PBXFileReference; includeInIndex = 1; lastKnownFileType = text.xcconfig; name = "Pods-TestUnitTests.debug.xcconfig"; path = "Target Support Files/Pods-TestUnitTests/Pods-TestUnitTests.debug.xcconfig"; sourceTree = "<group>"; };
		BA639B5128B141C800189F14 /* TestUnit.app */ = {isa = PBXFileReference; explicitFileType = wrapper.application; includeInIndex = 0; path = TestUnit.app; sourceTree = BUILT_PRODUCTS_DIR; };
		BA639B5428B141C800189F14 /* AppDelegate.swift */ = {isa = PBXFileReference; lastKnownFileType = sourcecode.swift; path = AppDelegate.swift; sourceTree = "<group>"; };
		BA639B5628B141C800189F14 /* SceneDelegate.swift */ = {isa = PBXFileReference; lastKnownFileType = sourcecode.swift; path = SceneDelegate.swift; sourceTree = "<group>"; };
		BA639B5828B141C800189F14 /* ViewController.swift */ = {isa = PBXFileReference; lastKnownFileType = sourcecode.swift; path = ViewController.swift; sourceTree = "<group>"; };
		BA639B5B28B141C800189F14 /* Base */ = {isa = PBXFileReference; lastKnownFileType = file.storyboard; name = Base; path = Base.lproj/Main.storyboard; sourceTree = "<group>"; };
		BA639B5D28B141CE00189F14 /* Assets.xcassets */ = {isa = PBXFileReference; lastKnownFileType = folder.assetcatalog; path = Assets.xcassets; sourceTree = "<group>"; };
		BA639B6028B141CE00189F14 /* Base */ = {isa = PBXFileReference; lastKnownFileType = file.storyboard; name = Base; path = Base.lproj/LaunchScreen.storyboard; sourceTree = "<group>"; };
		BA639B6228B141CE00189F14 /* Info.plist */ = {isa = PBXFileReference; lastKnownFileType = text.plist.xml; path = Info.plist; sourceTree = "<group>"; };
		BA639B6728B141CE00189F14 /* TestUnitTests.xctest */ = {isa = PBXFileReference; explicitFileType = wrapper.cfbundle; includeInIndex = 0; path = TestUnitTests.xctest; sourceTree = BUILT_PRODUCTS_DIR; };
		BA639B6B28B141CE00189F14 /* TestUnitTests.swift */ = {isa = PBXFileReference; lastKnownFileType = sourcecode.swift; path = TestUnitTests.swift; sourceTree = "<group>"; };
		BA639B7128B141CE00189F14 /* TestUnitUITests.xctest */ = {isa = PBXFileReference; explicitFileType = wrapper.cfbundle; includeInIndex = 0; path = TestUnitUITests.xctest; sourceTree = BUILT_PRODUCTS_DIR; };
		BA639B7528B141CE00189F14 /* TestUnitUITests.swift */ = {isa = PBXFileReference; lastKnownFileType = sourcecode.swift; path = TestUnitUITests.swift; sourceTree = "<group>"; };
		BA639B7728B141CE00189F14 /* TestUnitUITestsLaunchTests.swift */ = {isa = PBXFileReference; lastKnownFileType = sourcecode.swift; path = TestUnitUITestsLaunchTests.swift; sourceTree = "<group>"; };
		BA639B8428B1466D00189F14 /* StringUtils.swift */ = {isa = PBXFileReference; lastKnownFileType = sourcecode.swift; path = StringUtils.swift; sourceTree = "<group>"; };
		BA639B8628B1491F00189F14 /* StringUtilsSpec.swift */ = {isa = PBXFileReference; lastKnownFileType = sourcecode.swift; path = StringUtilsSpec.swift; sourceTree = "<group>"; };
		BA639B8828B160FE00189F14 /* AccountBalance.swift */ = {isa = PBXFileReference; lastKnownFileType = sourcecode.swift; path = AccountBalance.swift; sourceTree = "<group>"; };
		BA639B8A28B161FC00189F14 /* AccountBalanceSpec.swift */ = {isa = PBXFileReference; lastKnownFileType = sourcecode.swift; path = AccountBalanceSpec.swift; sourceTree = "<group>"; };
		BA639B8C28B3D0B800189F14 /* StringUtilsTests.swift */ = {isa = PBXFileReference; lastKnownFileType = sourcecode.swift; path = StringUtilsTests.swift; sourceTree = "<group>"; };
		BA639B9928B3E49100189F14 /* AccountViewModel.swift */ = {isa = PBXFileReference; lastKnownFileType = sourcecode.swift; path = AccountViewModel.swift; sourceTree = "<group>"; };
		BA639B9B28B3E7D100189F14 /* AccountViewController.swift */ = {isa = PBXFileReference; lastKnownFileType = sourcecode.swift; path = AccountViewController.swift; sourceTree = "<group>"; };
		BA639B9C28B3E7D100189F14 /* AccountViewController.xib */ = {isa = PBXFileReference; lastKnownFileType = file.xib; path = AccountViewController.xib; sourceTree = "<group>"; };
		BA639BA028B3EACA00189F14 /* AccountViewModelSpecs.swift */ = {isa = PBXFileReference; lastKnownFileType = sourcecode.swift; path = AccountViewModelSpecs.swift; sourceTree = "<group>"; };
		C222097DB4E67DD9173D6290 /* Pods-TestUnit-TestUnitUITests.debug.xcconfig */ = {isa = PBXFileReference; includeInIndex = 1; lastKnownFileType = text.xcconfig; name = "Pods-TestUnit-TestUnitUITests.debug.xcconfig"; path = "Target Support Files/Pods-TestUnit-TestUnitUITests/Pods-TestUnit-TestUnitUITests.debug.xcconfig"; sourceTree = "<group>"; };
/* End PBXFileReference section */

/* Begin PBXFrameworksBuildPhase section */
		BA639B4E28B141C800189F14 /* Frameworks */ = {
			isa = PBXFrameworksBuildPhase;
			buildActionMask = 2147483647;
			files = (
				0D7558ADFE9E6B98EAAECD17 /* Pods_TestUnit.framework in Frameworks */,
			);
			runOnlyForDeploymentPostprocessing = 0;
		};
		BA639B6428B141CE00189F14 /* Frameworks */ = {
			isa = PBXFrameworksBuildPhase;
			buildActionMask = 2147483647;
			files = (
				1ABD1614103872DC6163C709 /* Pods_TestUnitTests.framework in Frameworks */,
			);
			runOnlyForDeploymentPostprocessing = 0;
		};
		BA639B6E28B141CE00189F14 /* Frameworks */ = {
			isa = PBXFrameworksBuildPhase;
			buildActionMask = 2147483647;
			files = (
				BA7E3E583A10435A9370F5A6 /* Pods_TestUnit_TestUnitUITests.framework in Frameworks */,
			);
			runOnlyForDeploymentPostprocessing = 0;
		};
/* End PBXFrameworksBuildPhase section */

/* Begin PBXGroup section */
		A8489078348F00E0B771F520 /* Pods */ = {
			isa = PBXGroup;
			children = (
				377802C2125E358D33B937F6 /* Pods-TestUnit.debug.xcconfig */,
				1120F82A3EF35A36F666D757 /* Pods-TestUnit.release.xcconfig */,
				C222097DB4E67DD9173D6290 /* Pods-TestUnit-TestUnitUITests.debug.xcconfig */,
				61F4C8769F1E248C1B4676AE /* Pods-TestUnit-TestUnitUITests.release.xcconfig */,
				AE10FBFF3864CF494FC94F4C /* Pods-TestUnitTests.debug.xcconfig */,
				1255608D4E18924D66CCD339 /* Pods-TestUnitTests.release.xcconfig */,
			);
			path = Pods;
			sourceTree = "<group>";
		};
		BA639B4828B141C800189F14 = {
			isa = PBXGroup;
			children = (
				BA639B5328B141C800189F14 /* TestUnit */,
				BA639B6A28B141CE00189F14 /* TestUnitTests */,
				BA639B7428B141CE00189F14 /* TestUnitUITests */,
				BA639B5228B141C800189F14 /* Products */,
				A8489078348F00E0B771F520 /* Pods */,
				BCC27A4381A18B7F5F4E9023 /* Frameworks */,
			);
			sourceTree = "<group>";
		};
		BA639B5228B141C800189F14 /* Products */ = {
			isa = PBXGroup;
			children = (
				BA639B5128B141C800189F14 /* TestUnit.app */,
				BA639B6728B141CE00189F14 /* TestUnitTests.xctest */,
				BA639B7128B141CE00189F14 /* TestUnitUITests.xctest */,
			);
			name = Products;
			sourceTree = "<group>";
		};
		BA639B5328B141C800189F14 /* TestUnit */ = {
			isa = PBXGroup;
			children = (
				BA639B5428B141C800189F14 /* AppDelegate.swift */,
				BA639B5628B141C800189F14 /* SceneDelegate.swift */,
				BA639B5828B141C800189F14 /* ViewController.swift */,
				BA639B8E28B3E26A00189F14 /* AccountView */,
				BA639B5A28B141C800189F14 /* Main.storyboard */,
				BA639B5D28B141CE00189F14 /* Assets.xcassets */,
				BA639B5F28B141CE00189F14 /* LaunchScreen.storyboard */,
				BA639B6228B141CE00189F14 /* Info.plist */,
				BA639B8828B160FE00189F14 /* AccountBalance.swift */,
			);
			path = TestUnit;
			sourceTree = "<group>";
		};
		BA639B6A28B141CE00189F14 /* TestUnitTests */ = {
			isa = PBXGroup;
			children = (
				BA639B6B28B141CE00189F14 /* TestUnitTests.swift */,
				BA639B8628B1491F00189F14 /* StringUtilsSpec.swift */,
				BA639B8A28B161FC00189F14 /* AccountBalanceSpec.swift */,
				BA639B8C28B3D0B800189F14 /* StringUtilsTests.swift */,
				BA639BA028B3EACA00189F14 /* AccountViewModelSpecs.swift */,
			);
			path = TestUnitTests;
			sourceTree = "<group>";
		};
		BA639B7428B141CE00189F14 /* TestUnitUITests */ = {
			isa = PBXGroup;
			children = (
				BA639B7528B141CE00189F14 /* TestUnitUITests.swift */,
				BA639B7728B141CE00189F14 /* TestUnitUITestsLaunchTests.swift */,
			);
			path = TestUnitUITests;
			sourceTree = "<group>";
		};
		BA639B8E28B3E26A00189F14 /* AccountView */ = {
			isa = PBXGroup;
			children = (
				BA639B9928B3E49100189F14 /* AccountViewModel.swift */,
				BA639B9B28B3E7D100189F14 /* AccountViewController.swift */,
				BA639B9C28B3E7D100189F14 /* AccountViewController.xib */,
				BA639B9F28B3EA6600189F14 /* Utils */,
			);
			path = AccountView;
			sourceTree = "<group>";
		};
		BA639B9F28B3EA6600189F14 /* Utils */ = {
			isa = PBXGroup;
			children = (
				BA639B8428B1466D00189F14 /* StringUtils.swift */,
			);
			path = Utils;
			sourceTree = "<group>";
		};
		BCC27A4381A18B7F5F4E9023 /* Frameworks */ = {
			isa = PBXGroup;
			children = (
				0927C9A66064114F1A925EA9 /* Pods_TestUnit.framework */,
				118173D021C8AC205789B997 /* Pods_TestUnit_TestUnitUITests.framework */,
				95EE9A0FD1CB32E30C4F06AE /* Pods_TestUnitTests.framework */,
			);
			name = Frameworks;
			sourceTree = "<group>";
		};
/* End PBXGroup section */

/* Begin PBXNativeTarget section */
		BA639B5028B141C800189F14 /* TestUnit */ = {
			isa = PBXNativeTarget;
			buildConfigurationList = BA639B7B28B141CE00189F14 /* Build configuration list for PBXNativeTarget "TestUnit" */;
			buildPhases = (
				1B731171C0F2971FF1C257C9 /* [CP] Check Pods Manifest.lock */,
				BA639B4D28B141C800189F14 /* Sources */,
				BA639B4E28B141C800189F14 /* Frameworks */,
				BA639B4F28B141C800189F14 /* Resources */,
			);
			buildRules = (
			);
			dependencies = (
			);
			name = TestUnit;
			productName = TestUnit;
			productReference = BA639B5128B141C800189F14 /* TestUnit.app */;
			productType = "com.apple.product-type.application";
		};
		BA639B6628B141CE00189F14 /* TestUnitTests */ = {
			isa = PBXNativeTarget;
			buildConfigurationList = BA639B7E28B141CE00189F14 /* Build configuration list for PBXNativeTarget "TestUnitTests" */;
			buildPhases = (
				633E76E9EAC31270108641B5 /* [CP] Check Pods Manifest.lock */,
				BA639B6328B141CE00189F14 /* Sources */,
				BA639B6428B141CE00189F14 /* Frameworks */,
				BA639B6528B141CE00189F14 /* Resources */,
				F2FB8A320F839784CC0A60BA /* [CP] Embed Pods Frameworks */,
			);
			buildRules = (
			);
			dependencies = (
				BA639B6928B141CE00189F14 /* PBXTargetDependency */,
			);
			name = TestUnitTests;
			productName = TestUnitTests;
			productReference = BA639B6728B141CE00189F14 /* TestUnitTests.xctest */;
			productType = "com.apple.product-type.bundle.unit-test";
		};
		BA639B7028B141CE00189F14 /* TestUnitUITests */ = {
			isa = PBXNativeTarget;
			buildConfigurationList = BA639B8128B141CE00189F14 /* Build configuration list for PBXNativeTarget "TestUnitUITests" */;
			buildPhases = (
				F3A339F49A5EF0D044703B8E /* [CP] Check Pods Manifest.lock */,
				BA639B6D28B141CE00189F14 /* Sources */,
				BA639B6E28B141CE00189F14 /* Frameworks */,
				BA639B6F28B141CE00189F14 /* Resources */,
			);
			buildRules = (
			);
			dependencies = (
				BA639B7328B141CE00189F14 /* PBXTargetDependency */,
			);
			name = TestUnitUITests;
			productName = TestUnitUITests;
			productReference = BA639B7128B141CE00189F14 /* TestUnitUITests.xctest */;
			productType = "com.apple.product-type.bundle.ui-testing";
		};
/* End PBXNativeTarget section */

/* Begin PBXProject section */
		BA639B4928B141C800189F14 /* Project object */ = {
			isa = PBXProject;
			attributes = {
				BuildIndependentTargetsInParallel = 1;
				LastSwiftUpdateCheck = 1320;
				LastUpgradeCheck = 1320;
				TargetAttributes = {
					BA639B5028B141C800189F14 = {
						CreatedOnToolsVersion = 13.2.1;
					};
					BA639B6628B141CE00189F14 = {
						CreatedOnToolsVersion = 13.2.1;
						TestTargetID = BA639B5028B141C800189F14;
					};
					BA639B7028B141CE00189F14 = {
						CreatedOnToolsVersion = 13.2.1;
						TestTargetID = BA639B5028B141C800189F14;
					};
				};
			};
			buildConfigurationList = BA639B4C28B141C800189F14 /* Build configuration list for PBXProject "TestUnit" */;
			compatibilityVersion = "Xcode 13.0";
			developmentRegion = en;
			hasScannedForEncodings = 0;
			knownRegions = (
				en,
				Base,
			);
			mainGroup = BA639B4828B141C800189F14;
			productRefGroup = BA639B5228B141C800189F14 /* Products */;
			projectDirPath = "";
			projectRoot = "";
			targets = (
				BA639B5028B141C800189F14 /* TestUnit */,
				BA639B6628B141CE00189F14 /* TestUnitTests */,
				BA639B7028B141CE00189F14 /* TestUnitUITests */,
			);
		};
/* End PBXProject section */

/* Begin PBXResourcesBuildPhase section */
		BA639B4F28B141C800189F14 /* Resources */ = {
			isa = PBXResourcesBuildPhase;
			buildActionMask = 2147483647;
			files = (
				BA639B6128B141CE00189F14 /* LaunchScreen.storyboard in Resources */,
				BA639B5E28B141CE00189F14 /* Assets.xcassets in Resources */,
				BA639B9E28B3E7D100189F14 /* AccountViewController.xib in Resources */,
				BA639B5C28B141C800189F14 /* Main.storyboard in Resources */,
			);
			runOnlyForDeploymentPostprocessing = 0;
		};
		BA639B6528B141CE00189F14 /* Resources */ = {
			isa = PBXResourcesBuildPhase;
			buildActionMask = 2147483647;
			files = (
			);
			runOnlyForDeploymentPostprocessing = 0;
		};
		BA639B6F28B141CE00189F14 /* Resources */ = {
			isa = PBXResourcesBuildPhase;
			buildActionMask = 2147483647;
			files = (
			);
			runOnlyForDeploymentPostprocessing = 0;
		};
/* End PBXResourcesBuildPhase section */

/* Begin PBXShellScriptBuildPhase section */
		1B731171C0F2971FF1C257C9 /* [CP] Check Pods Manifest.lock */ = {
			isa = PBXShellScriptBuildPhase;
			buildActionMask = 2147483647;
			files = (
			);
			inputFileListPaths = (
			);
			inputPaths = (
				"${PODS_PODFILE_DIR_PATH}/Podfile.lock",
				"${PODS_ROOT}/Manifest.lock",
			);
			name = "[CP] Check Pods Manifest.lock";
			outputFileListPaths = (
			);
			outputPaths = (
				"$(DERIVED_FILE_DIR)/Pods-TestUnit-checkManifestLockResult.txt",
			);
			runOnlyForDeploymentPostprocessing = 0;
			shellPath = /bin/sh;
			shellScript = "diff \"${PODS_PODFILE_DIR_PATH}/Podfile.lock\" \"${PODS_ROOT}/Manifest.lock\" > /dev/null\nif [ $? != 0 ] ; then\n    # print error to STDERR\n    echo \"error: The sandbox is not in sync with the Podfile.lock. Run 'pod install' or update your CocoaPods installation.\" >&2\n    exit 1\nfi\n# This output is used by Xcode 'outputs' to avoid re-running this script phase.\necho \"SUCCESS\" > \"${SCRIPT_OUTPUT_FILE_0}\"\n";
			showEnvVarsInLog = 0;
		};
		633E76E9EAC31270108641B5 /* [CP] Check Pods Manifest.lock */ = {
			isa = PBXShellScriptBuildPhase;
			buildActionMask = 2147483647;
			files = (
			);
			inputFileListPaths = (
			);
			inputPaths = (
				"${PODS_PODFILE_DIR_PATH}/Podfile.lock",
				"${PODS_ROOT}/Manifest.lock",
			);
			name = "[CP] Check Pods Manifest.lock";
			outputFileListPaths = (
			);
			outputPaths = (
				"$(DERIVED_FILE_DIR)/Pods-TestUnitTests-checkManifestLockResult.txt",
			);
			runOnlyForDeploymentPostprocessing = 0;
			shellPath = /bin/sh;
			shellScript = "diff \"${PODS_PODFILE_DIR_PATH}/Podfile.lock\" \"${PODS_ROOT}/Manifest.lock\" > /dev/null\nif [ $? != 0 ] ; then\n    # print error to STDERR\n    echo \"error: The sandbox is not in sync with the Podfile.lock. Run 'pod install' or update your CocoaPods installation.\" >&2\n    exit 1\nfi\n# This output is used by Xcode 'outputs' to avoid re-running this script phase.\necho \"SUCCESS\" > \"${SCRIPT_OUTPUT_FILE_0}\"\n";
			showEnvVarsInLog = 0;
		};
		F2FB8A320F839784CC0A60BA /* [CP] Embed Pods Frameworks */ = {
			isa = PBXShellScriptBuildPhase;
			buildActionMask = 2147483647;
			files = (
			);
			inputFileListPaths = (
				"${PODS_ROOT}/Target Support Files/Pods-TestUnitTests/Pods-TestUnitTests-frameworks-${CONFIGURATION}-input-files.xcfilelist",
			);
			name = "[CP] Embed Pods Frameworks";
			outputFileListPaths = (
				"${PODS_ROOT}/Target Support Files/Pods-TestUnitTests/Pods-TestUnitTests-frameworks-${CONFIGURATION}-output-files.xcfilelist",
			);
			runOnlyForDeploymentPostprocessing = 0;
			shellPath = /bin/sh;
			shellScript = "\"${PODS_ROOT}/Target Support Files/Pods-TestUnitTests/Pods-TestUnitTests-frameworks.sh\"\n";
			showEnvVarsInLog = 0;
		};
		F3A339F49A5EF0D044703B8E /* [CP] Check Pods Manifest.lock */ = {
			isa = PBXShellScriptBuildPhase;
			buildActionMask = 2147483647;
			files = (
			);
			inputFileListPaths = (
			);
			inputPaths = (
				"${PODS_PODFILE_DIR_PATH}/Podfile.lock",
				"${PODS_ROOT}/Manifest.lock",
			);
			name = "[CP] Check Pods Manifest.lock";
			outputFileListPaths = (
			);
			outputPaths = (
				"$(DERIVED_FILE_DIR)/Pods-TestUnit-TestUnitUITests-checkManifestLockResult.txt",
			);
			runOnlyForDeploymentPostprocessing = 0;
			shellPath = /bin/sh;
			shellScript = "diff \"${PODS_PODFILE_DIR_PATH}/Podfile.lock\" \"${PODS_ROOT}/Manifest.lock\" > /dev/null\nif [ $? != 0 ] ; then\n    # print error to STDERR\n    echo \"error: The sandbox is not in sync with the Podfile.lock. Run 'pod install' or update your CocoaPods installation.\" >&2\n    exit 1\nfi\n# This output is used by Xcode 'outputs' to avoid re-running this script phase.\necho \"SUCCESS\" > \"${SCRIPT_OUTPUT_FILE_0}\"\n";
			showEnvVarsInLog = 0;
		};
/* End PBXShellScriptBuildPhase section */

/* Begin PBXSourcesBuildPhase section */
		BA639B4D28B141C800189F14 /* Sources */ = {
			isa = PBXSourcesBuildPhase;
			buildActionMask = 2147483647;
			files = (
				BA639B8528B1466D00189F14 /* StringUtils.swift in Sources */,
				BA639B9A28B3E49100189F14 /* AccountViewModel.swift in Sources */,
				BA639B9D28B3E7D100189F14 /* AccountViewController.swift in Sources */,
				BA639B5928B141C800189F14 /* ViewController.swift in Sources */,
				BA639B5528B141C800189F14 /* AppDelegate.swift in Sources */,
				BA639B5728B141C800189F14 /* SceneDelegate.swift in Sources */,
				BA639B8928B160FE00189F14 /* AccountBalance.swift in Sources */,
			);
			runOnlyForDeploymentPostprocessing = 0;
		};
		BA639B6328B141CE00189F14 /* Sources */ = {
			isa = PBXSourcesBuildPhase;
			buildActionMask = 2147483647;
			files = (
				BA639B8D28B3D0B800189F14 /* StringUtilsTests.swift in Sources */,
				BA639B6C28B141CE00189F14 /* TestUnitTests.swift in Sources */,
				BA639B8728B1491F00189F14 /* StringUtilsSpec.swift in Sources */,
				BA639B8B28B161FC00189F14 /* AccountBalanceSpec.swift in Sources */,
				BA639BA128B3EACA00189F14 /* AccountViewModelSpecs.swift in Sources */,
			);
			runOnlyForDeploymentPostprocessing = 0;
		};
		BA639B6D28B141CE00189F14 /* Sources */ = {
			isa = PBXSourcesBuildPhase;
			buildActionMask = 2147483647;
			files = (
				BA639B7828B141CE00189F14 /* TestUnitUITestsLaunchTests.swift in Sources */,
				BA639B7628B141CE00189F14 /* TestUnitUITests.swift in Sources */,
			);
			runOnlyForDeploymentPostprocessing = 0;
		};
/* End PBXSourcesBuildPhase section */

/* Begin PBXTargetDependency section */
		BA639B6928B141CE00189F14 /* PBXTargetDependency */ = {
			isa = PBXTargetDependency;
			target = BA639B5028B141C800189F14 /* TestUnit */;
			targetProxy = BA639B6828B141CE00189F14 /* PBXContainerItemProxy */;
		};
		BA639B7328B141CE00189F14 /* PBXTargetDependency */ = {
			isa = PBXTargetDependency;
			target = BA639B5028B141C800189F14 /* TestUnit */;
			targetProxy = BA639B7228B141CE00189F14 /* PBXContainerItemProxy */;
		};
/* End PBXTargetDependency section */

/* Begin PBXVariantGroup section */
		BA639B5A28B141C800189F14 /* Main.storyboard */ = {
			isa = PBXVariantGroup;
			children = (
				BA639B5B28B141C800189F14 /* Base */,
			);
			name = Main.storyboard;
			sourceTree = "<group>";
		};
		BA639B5F28B141CE00189F14 /* LaunchScreen.storyboard */ = {
			isa = PBXVariantGroup;
			children = (
				BA639B6028B141CE00189F14 /* Base */,
			);
			name = LaunchScreen.storyboard;
			sourceTree = "<group>";
		};
/* End PBXVariantGroup section */

/* Begin XCBuildConfiguration section */
		BA639B7928B141CE00189F14 /* Debug */ = {
			isa = XCBuildConfiguration;
			buildSettings = {
				ALWAYS_SEARCH_USER_PATHS = NO;
				CLANG_ANALYZER_NONNULL = YES;
				CLANG_ANALYZER_NUMBER_OBJECT_CONVERSION = YES_AGGRESSIVE;
				CLANG_CXX_LANGUAGE_STANDARD = "gnu++17";
				CLANG_CXX_LIBRARY = "libc++";
				CLANG_ENABLE_MODULES = YES;
				CLANG_ENABLE_OBJC_ARC = YES;
				CLANG_ENABLE_OBJC_WEAK = YES;
				CLANG_WARN_BLOCK_CAPTURE_AUTORELEASING = YES;
				CLANG_WARN_BOOL_CONVERSION = YES;
				CLANG_WARN_COMMA = YES;
				CLANG_WARN_CONSTANT_CONVERSION = YES;
				CLANG_WARN_DEPRECATED_OBJC_IMPLEMENTATIONS = YES;
				CLANG_WARN_DIRECT_OBJC_ISA_USAGE = YES_ERROR;
				CLANG_WARN_DOCUMENTATION_COMMENTS = YES;
				CLANG_WARN_EMPTY_BODY = YES;
				CLANG_WARN_ENUM_CONVERSION = YES;
				CLANG_WARN_INFINITE_RECURSION = YES;
				CLANG_WARN_INT_CONVERSION = YES;
				CLANG_WARN_NON_LITERAL_NULL_CONVERSION = YES;
				CLANG_WARN_OBJC_IMPLICIT_RETAIN_SELF = YES;
				CLANG_WARN_OBJC_LITERAL_CONVERSION = YES;
				CLANG_WARN_OBJC_ROOT_CLASS = YES_ERROR;
				CLANG_WARN_QUOTED_INCLUDE_IN_FRAMEWORK_HEADER = YES;
				CLANG_WARN_RANGE_LOOP_ANALYSIS = YES;
				CLANG_WARN_STRICT_PROTOTYPES = YES;
				CLANG_WARN_SUSPICIOUS_MOVE = YES;
				CLANG_WARN_UNGUARDED_AVAILABILITY = YES_AGGRESSIVE;
				CLANG_WARN_UNREACHABLE_CODE = YES;
				CLANG_WARN__DUPLICATE_METHOD_MATCH = YES;
				COPY_PHASE_STRIP = NO;
				DEBUG_INFORMATION_FORMAT = dwarf;
				ENABLE_STRICT_OBJC_MSGSEND = YES;
				ENABLE_TESTABILITY = YES;
				GCC_C_LANGUAGE_STANDARD = gnu11;
				GCC_DYNAMIC_NO_PIC = NO;
				GCC_NO_COMMON_BLOCKS = YES;
				GCC_OPTIMIZATION_LEVEL = 0;
				GCC_PREPROCESSOR_DEFINITIONS = (
					"DEBUG=1",
					"$(inherited)",
				);
				GCC_WARN_64_TO_32_BIT_CONVERSION = YES;
				GCC_WARN_ABOUT_RETURN_TYPE = YES_ERROR;
				GCC_WARN_UNDECLARED_SELECTOR = YES;
				GCC_WARN_UNINITIALIZED_AUTOS = YES_AGGRESSIVE;
				GCC_WARN_UNUSED_FUNCTION = YES;
				GCC_WARN_UNUSED_VARIABLE = YES;
				IPHONEOS_DEPLOYMENT_TARGET = 15.2;
				MTL_ENABLE_DEBUG_INFO = INCLUDE_SOURCE;
				MTL_FAST_MATH = YES;
				ONLY_ACTIVE_ARCH = YES;
				SDKROOT = iphoneos;
				SWIFT_ACTIVE_COMPILATION_CONDITIONS = DEBUG;
				SWIFT_OPTIMIZATION_LEVEL = "-Onone";
			};
			name = Debug;
		};
		BA639B7A28B141CE00189F14 /* Release */ = {
			isa = XCBuildConfiguration;
			buildSettings = {
				ALWAYS_SEARCH_USER_PATHS = NO;
				CLANG_ANALYZER_NONNULL = YES;
				CLANG_ANALYZER_NUMBER_OBJECT_CONVERSION = YES_AGGRESSIVE;
				CLANG_CXX_LANGUAGE_STANDARD = "gnu++17";
				CLANG_CXX_LIBRARY = "libc++";
				CLANG_ENABLE_MODULES = YES;
				CLANG_ENABLE_OBJC_ARC = YES;
				CLANG_ENABLE_OBJC_WEAK = YES;
				CLANG_WARN_BLOCK_CAPTURE_AUTORELEASING = YES;
				CLANG_WARN_BOOL_CONVERSION = YES;
				CLANG_WARN_COMMA = YES;
				CLANG_WARN_CONSTANT_CONVERSION = YES;
				CLANG_WARN_DEPRECATED_OBJC_IMPLEMENTATIONS = YES;
				CLANG_WARN_DIRECT_OBJC_ISA_USAGE = YES_ERROR;
				CLANG_WARN_DOCUMENTATION_COMMENTS = YES;
				CLANG_WARN_EMPTY_BODY = YES;
				CLANG_WARN_ENUM_CONVERSION = YES;
				CLANG_WARN_INFINITE_RECURSION = YES;
				CLANG_WARN_INT_CONVERSION = YES;
				CLANG_WARN_NON_LITERAL_NULL_CONVERSION = YES;
				CLANG_WARN_OBJC_IMPLICIT_RETAIN_SELF = YES;
				CLANG_WARN_OBJC_LITERAL_CONVERSION = YES;
				CLANG_WARN_OBJC_ROOT_CLASS = YES_ERROR;
				CLANG_WARN_QUOTED_INCLUDE_IN_FRAMEWORK_HEADER = YES;
				CLANG_WARN_RANGE_LOOP_ANALYSIS = YES;
				CLANG_WARN_STRICT_PROTOTYPES = YES;
				CLANG_WARN_SUSPICIOUS_MOVE = YES;
				CLANG_WARN_UNGUARDED_AVAILABILITY = YES_AGGRESSIVE;
				CLANG_WARN_UNREACHABLE_CODE = YES;
				CLANG_WARN__DUPLICATE_METHOD_MATCH = YES;
				COPY_PHASE_STRIP = NO;
				DEBUG_INFORMATION_FORMAT = "dwarf-with-dsym";
				ENABLE_NS_ASSERTIONS = NO;
				ENABLE_STRICT_OBJC_MSGSEND = YES;
				GCC_C_LANGUAGE_STANDARD = gnu11;
				GCC_NO_COMMON_BLOCKS = YES;
				GCC_WARN_64_TO_32_BIT_CONVERSION = YES;
				GCC_WARN_ABOUT_RETURN_TYPE = YES_ERROR;
				GCC_WARN_UNDECLARED_SELECTOR = YES;
				GCC_WARN_UNINITIALIZED_AUTOS = YES_AGGRESSIVE;
				GCC_WARN_UNUSED_FUNCTION = YES;
				GCC_WARN_UNUSED_VARIABLE = YES;
				IPHONEOS_DEPLOYMENT_TARGET = 15.2;
				MTL_ENABLE_DEBUG_INFO = NO;
				MTL_FAST_MATH = YES;
				SDKROOT = iphoneos;
				SWIFT_COMPILATION_MODE = wholemodule;
				SWIFT_OPTIMIZATION_LEVEL = "-O";
				VALIDATE_PRODUCT = YES;
			};
			name = Release;
		};
		BA639B7C28B141CE00189F14 /* Debug */ = {
			isa = XCBuildConfiguration;
			baseConfigurationReference = 377802C2125E358D33B937F6 /* Pods-TestUnit.debug.xcconfig */;
			buildSettings = {
				ASSETCATALOG_COMPILER_APPICON_NAME = AppIcon;
				ASSETCATALOG_COMPILER_GLOBAL_ACCENT_COLOR_NAME = AccentColor;
				CODE_SIGN_STYLE = Automatic;
				CURRENT_PROJECT_VERSION = 1;
				GENERATE_INFOPLIST_FILE = YES;
				INFOPLIST_FILE = TestUnit/Info.plist;
				INFOPLIST_KEY_UIApplicationSupportsIndirectInputEvents = YES;
				INFOPLIST_KEY_UILaunchStoryboardName = LaunchScreen;
				INFOPLIST_KEY_UIMainStoryboardFile = Main;
				INFOPLIST_KEY_UISupportedInterfaceOrientations_iPad = "UIInterfaceOrientationPortrait UIInterfaceOrientationPortraitUpsideDown UIInterfaceOrientationLandscapeLeft UIInterfaceOrientationLandscapeRight";
				INFOPLIST_KEY_UISupportedInterfaceOrientations_iPhone = "UIInterfaceOrientationPortrait UIInterfaceOrientationLandscapeLeft UIInterfaceOrientationLandscapeRight";
				LD_RUNPATH_SEARCH_PATHS = (
					"$(inherited)",
					"@executable_path/Frameworks",
				);
				MARKETING_VERSION = 1.0;
				PRODUCT_BUNDLE_IDENTIFIER = br.com.example.TestUnit;
				PRODUCT_NAME = "$(TARGET_NAME)";
				SWIFT_EMIT_LOC_STRINGS = YES;
				SWIFT_VERSION = 5.0;
				TARGETED_DEVICE_FAMILY = "1,2";
			};
			name = Debug;
		};
		BA639B7D28B141CE00189F14 /* Release */ = {
			isa = XCBuildConfiguration;
			baseConfigurationReference = 1120F82A3EF35A36F666D757 /* Pods-TestUnit.release.xcconfig */;
			buildSettings = {
				ASSETCATALOG_COMPILER_APPICON_NAME = AppIcon;
				ASSETCATALOG_COMPILER_GLOBAL_ACCENT_COLOR_NAME = AccentColor;
				CODE_SIGN_STYLE = Automatic;
				CURRENT_PROJECT_VERSION = 1;
				GENERATE_INFOPLIST_FILE = YES;
				INFOPLIST_FILE = TestUnit/Info.plist;
				INFOPLIST_KEY_UIApplicationSupportsIndirectInputEvents = YES;
				INFOPLIST_KEY_UILaunchStoryboardName = LaunchScreen;
				INFOPLIST_KEY_UIMainStoryboardFile = Main;
				INFOPLIST_KEY_UISupportedInterfaceOrientations_iPad = "UIInterfaceOrientationPortrait UIInterfaceOrientationPortraitUpsideDown UIInterfaceOrientationLandscapeLeft UIInterfaceOrientationLandscapeRight";
				INFOPLIST_KEY_UISupportedInterfaceOrientations_iPhone = "UIInterfaceOrientationPortrait UIInterfaceOrientationLandscapeLeft UIInterfaceOrientationLandscapeRight";
				LD_RUNPATH_SEARCH_PATHS = (
					"$(inherited)",
					"@executable_path/Frameworks",
				);
				MARKETING_VERSION = 1.0;
				PRODUCT_BUNDLE_IDENTIFIER = br.com.example.TestUnit;
				PRODUCT_NAME = "$(TARGET_NAME)";
				SWIFT_EMIT_LOC_STRINGS = YES;
				SWIFT_VERSION = 5.0;
				TARGETED_DEVICE_FAMILY = "1,2";
			};
			name = Release;
		};
		BA639B7F28B141CE00189F14 /* Debug */ = {
			isa = XCBuildConfiguration;
			baseConfigurationReference = AE10FBFF3864CF494FC94F4C /* Pods-TestUnitTests.debug.xcconfig */;
			buildSettings = {
				ALWAYS_EMBED_SWIFT_STANDARD_LIBRARIES = YES;
				BUNDLE_LOADER = "$(TEST_HOST)";
				CODE_SIGN_STYLE = Automatic;
				CURRENT_PROJECT_VERSION = 1;
				GENERATE_INFOPLIST_FILE = YES;
				IPHONEOS_DEPLOYMENT_TARGET = 15.2;
				MARKETING_VERSION = 1.0;
				PRODUCT_BUNDLE_IDENTIFIER = br.com.example.TestUnitTests;
				PRODUCT_NAME = "$(TARGET_NAME)";
				SWIFT_EMIT_LOC_STRINGS = NO;
				SWIFT_VERSION = 5.0;
				TARGETED_DEVICE_FAMILY = "1,2";
				TEST_HOST = "$(BUILT_PRODUCTS_DIR)/TestUnit.app/TestUnit";
			};
			name = Debug;
		};
		BA639B8028B141CE00189F14 /* Release */ = {
			isa = XCBuildConfiguration;
			baseConfigurationReference = 1255608D4E18924D66CCD339 /* Pods-TestUnitTests.release.xcconfig */;
			buildSettings = {
				ALWAYS_EMBED_SWIFT_STANDARD_LIBRARIES = YES;
				BUNDLE_LOADER = "$(TEST_HOST)";
				CODE_SIGN_STYLE = Automatic;
				CURRENT_PROJECT_VERSION = 1;
				GENERATE_INFOPLIST_FILE = YES;
				IPHONEOS_DEPLOYMENT_TARGET = 15.2;
				MARKETING_VERSION = 1.0;
				PRODUCT_BUNDLE_IDENTIFIER = br.com.example.TestUnitTests;
				PRODUCT_NAME = "$(TARGET_NAME)";
				SWIFT_EMIT_LOC_STRINGS = NO;
				SWIFT_VERSION = 5.0;
				TARGETED_DEVICE_FAMILY = "1,2";
				TEST_HOST = "$(BUILT_PRODUCTS_DIR)/TestUnit.app/TestUnit";
			};
			name = Release;
		};
		BA639B8228B141CE00189F14 /* Debug */ = {
			isa = XCBuildConfiguration;
			baseConfigurationReference = C222097DB4E67DD9173D6290 /* Pods-TestUnit-TestUnitUITests.debug.xcconfig */;
			buildSettings = {
				ALWAYS_EMBED_SWIFT_STANDARD_LIBRARIES = YES;
				CODE_SIGN_STYLE = Automatic;
				CURRENT_PROJECT_VERSION = 1;
				GENERATE_INFOPLIST_FILE = YES;
				MARKETING_VERSION = 1.0;
				PRODUCT_BUNDLE_IDENTIFIER = br.com.example.TestUnitUITests;
				PRODUCT_NAME = "$(TARGET_NAME)";
				SWIFT_EMIT_LOC_STRINGS = NO;
				SWIFT_VERSION = 5.0;
				TARGETED_DEVICE_FAMILY = "1,2";
				TEST_TARGET_NAME = TestUnit;
			};
			name = Debug;
		};
		BA639B8328B141CE00189F14 /* Release */ = {
			isa = XCBuildConfiguration;
			baseConfigurationReference = 61F4C8769F1E248C1B4676AE /* Pods-TestUnit-TestUnitUITests.release.xcconfig */;
			buildSettings = {
				ALWAYS_EMBED_SWIFT_STANDARD_LIBRARIES = YES;
				CODE_SIGN_STYLE = Automatic;
				CURRENT_PROJECT_VERSION = 1;
				GENERATE_INFOPLIST_FILE = YES;
				MARKETING_VERSION = 1.0;
				PRODUCT_BUNDLE_IDENTIFIER = br.com.example.TestUnitUITests;
				PRODUCT_NAME = "$(TARGET_NAME)";
				SWIFT_EMIT_LOC_STRINGS = NO;
				SWIFT_VERSION = 5.0;
				TARGETED_DEVICE_FAMILY = "1,2";
				TEST_TARGET_NAME = TestUnit;
			};
			name = Release;
		};
/* End XCBuildConfiguration section */

/* Begin XCConfigurationList section */
		BA639B4C28B141C800189F14 /* Build configuration list for PBXProject "TestUnit" */ = {
			isa = XCConfigurationList;
			buildConfigurations = (
				BA639B7928B141CE00189F14 /* Debug */,
				BA639B7A28B141CE00189F14 /* Release */,
			);
			defaultConfigurationIsVisible = 0;
			defaultConfigurationName = Release;
		};
		BA639B7B28B141CE00189F14 /* Build configuration list for PBXNativeTarget "TestUnit" */ = {
			isa = XCConfigurationList;
			buildConfigurations = (
				BA639B7C28B141CE00189F14 /* Debug */,
				BA639B7D28B141CE00189F14 /* Release */,
			);
			defaultConfigurationIsVisible = 0;
			defaultConfigurationName = Release;
		};
		BA639B7E28B141CE00189F14 /* Build configuration list for PBXNativeTarget "TestUnitTests" */ = {
			isa = XCConfigurationList;
			buildConfigurations = (
				BA639B7F28B141CE00189F14 /* Debug */,
				BA639B8028B141CE00189F14 /* Release */,
			);
			defaultConfigurationIsVisible = 0;
			defaultConfigurationName = Release;
		};
		BA639B8128B141CE00189F14 /* Build configuration list for PBXNativeTarget "TestUnitUITests" */ = {
			isa = XCConfigurationList;
			buildConfigurations = (
				BA639B8228B141CE00189F14 /* Debug */,
				BA639B8328B141CE00189F14 /* Release */,
			);
			defaultConfigurationIsVisible = 0;
			defaultConfigurationName = Release;
		};
/* End XCConfigurationList section */
	};
	rootObject = BA639B4928B141C800189F14 /* Project object */;
}
